
Microsoft Visual Studio Solution File, Format Version 12.00
# Visual Studio Version 16
VisualStudioVersion = 16.0.32630.194
MinimumVisualStudioVersion = 10.0.40219.1
Project("{FAE04EC0-301F-11D3-BF4B-00C04F79EFBC}") = "Bankamatik_Simulasyon14", "Bankamatik_Simulasyon14\Bankamatik_Simulasyon14.csproj", "{F5CAAA8F-9BC0-4B56-B930-4222BA4ACAFF}"
EndProject
Global
	GlobalSection(SolutionConfigurationPlatforms) = preSolution
		Debug|Any CPU = Debug|Any CPU
		Release|Any CPU = Release|Any CPU
	EndGlobalSection
	GlobalSection(ProjectConfigurationPlatforms) = postSolution
		{F5CAAA8F-9BC0-4B56-B930-4222BA4ACAFF}.Debug|Any CPU.ActiveCfg = Debug|Any CPU
		{F5CAAA8F-9BC0-4B56-B930-4222BA4ACAFF}.Debug|Any CPU.Build.0 = Debug|Any CPU
		{F5CAAA8F-9BC0-4B56-B930-4222BA4ACAFF}.Release|Any CPU.ActiveCfg = Release|Any CPU
		{F5CAAA8F-9BC0-4B56-B930-4222BA4ACAFF}.Release|Any CPU.Build.0 = Release|Any CPU
	EndGlobalSection
	GlobalSection(SolutionProperties) = preSolution
		HideSolutionNode = FALSE
	EndGlobalSection
	GlobalSection(ExtensibilityGlobals) = postSolution
		SolutionGuid = {83451EAC-C63A-40E4-AA56-0A0A5B3DBD6D}
	EndGlobalSection
EndGlobal
